
Microsoft Visual Studio Solution File, Format Version 12.00
# Visual Studio Version 17
VisualStudioVersion = 17.0.31903.59
MinimumVisualStudioVersion = 10.0.40219.1
Project("{FAE04EC0-301F-11D3-BF4B-00C04F79EFBC}") = "AironAir Kapitaalbeheer", "AironAir Kapitaalbeheer\AironAir Kapitaalbeheer.csproj", "{A59D3DF2-87EF-4B9A-9DDE-246FC27D8458}"
EndProject
Global
	GlobalSection(SolutionConfigurationPlatforms) = preSolution
		Debug|Any CPU = Debug|Any CPU
		Release|Any CPU = Release|Any CPU
	EndGlobalSection
	GlobalSection(ProjectConfigurationPlatforms) = postSolution
		{A59D3DF2-87EF-4B9A-9DDE-246FC27D8458}.Debug|Any CPU.ActiveCfg = Debug|Any CPU
		{A59D3DF2-87EF-4B9A-9DDE-246FC27D8458}.Debug|Any CPU.Build.0 = Debug|Any CPU
		{A59D3DF2-87EF-4B9A-9DDE-246FC27D8458}.Release|Any CPU.ActiveCfg = Release|Any CPU
		{A59D3DF2-87EF-4B9A-9DDE-246FC27D8458}.Release|Any CPU.Build.0 = Release|Any CPU
	EndGlobalSection
	GlobalSection(SolutionProperties) = preSolution
		HideSolutionNode = FALSE
	EndGlobalSection
	GlobalSection(ExtensibilityGlobals) = postSolution
		SolutionGuid = {44CA99E3-0226-4971-8184-A3D4822B4556}
	EndGlobalSection
EndGlobal
